
Microsoft Visual Studio Solution File, Format Version 12.00
Project("{2150E333-8FDC-42A3-9474-1A3956D46DE8}") = "Core", "Core", "{E4BD2E6E-6CE1-4AB9-87E5-8671CF441705}"
EndProject
Project("{2150E333-8FDC-42A3-9474-1A3956D46DE8}") = "Infrastructure", "Infrastructure", "{9C13A6C9-DC0D-4CB5-91F7-C719A08D0D88}"
EndProject
Project("{2150E333-8FDC-42A3-9474-1A3956D46DE8}") = "Presentation", "Presentation", "{ECC975E1-B516-4CA9-9AA9-BB2C5C07077E}"
EndProject
Project("{2150E333-8FDC-42A3-9474-1A3956D46DE8}") = "Tests", "Tests", "{F981E609-4018-447E-B44C-EF39C505E213}"
EndProject
Project("{FAE04EC0-301F-11D3-BF4B-00C04F79EFBC}") = "Notes.Domain", "Notes.Domain\Notes.Domain.csproj", "{1BECBB23-34F6-4303-BDF5-F42C9C92FD6F}"
EndProject
Project("{FAE04EC0-301F-11D3-BF4B-00C04F79EFBC}") = "Notes.Application", "Notes.Application\Notes.Application.csproj", "{FDF87AD5-7515-4E2C-8E52-923D5457D632}"
EndProject
Project("{FAE04EC0-301F-11D3-BF4B-00C04F79EFBC}") = "Notes.Persistence", "Notes.Persistence\Notes.Persistence.csproj", "{8A7140F2-3D7E-40B3-8915-88B56D2E717F}"
EndProject
Project("{FAE04EC0-301F-11D3-BF4B-00C04F79EFBC}") = "Notes.WebApi", "Notes.WebApi\Notes.WebApi.csproj", "{89D1F7D9-5FC2-4B29-A7B5-2C38FF48945E}"
EndProject
Project("{FAE04EC0-301F-11D3-BF4B-00C04F79EFBC}") = "Notes.Tests", "Notes.Tests\Notes.Tests.csproj", "{229A932E-F07E-4C73-867A-D2F6659225DC}"
EndProject
Global
	GlobalSection(SolutionConfigurationPlatforms) = preSolution
		Debug|Any CPU = Debug|Any CPU
		Release|Any CPU = Release|Any CPU
	EndGlobalSection
	GlobalSection(NestedProjects) = preSolution
		{1BECBB23-34F6-4303-BDF5-F42C9C92FD6F} = {E4BD2E6E-6CE1-4AB9-87E5-8671CF441705}
		{FDF87AD5-7515-4E2C-8E52-923D5457D632} = {E4BD2E6E-6CE1-4AB9-87E5-8671CF441705}
		{8A7140F2-3D7E-40B3-8915-88B56D2E717F} = {9C13A6C9-DC0D-4CB5-91F7-C719A08D0D88}
		{89D1F7D9-5FC2-4B29-A7B5-2C38FF48945E} = {ECC975E1-B516-4CA9-9AA9-BB2C5C07077E}
		{229A932E-F07E-4C73-867A-D2F6659225DC} = {F981E609-4018-447E-B44C-EF39C505E213}
	EndGlobalSection
	GlobalSection(ProjectConfigurationPlatforms) = postSolution
		{1BECBB23-34F6-4303-BDF5-F42C9C92FD6F}.Debug|Any CPU.ActiveCfg = Debug|Any CPU
		{1BECBB23-34F6-4303-BDF5-F42C9C92FD6F}.Debug|Any CPU.Build.0 = Debug|Any CPU
		{1BECBB23-34F6-4303-BDF5-F42C9C92FD6F}.Release|Any CPU.ActiveCfg = Release|Any CPU
		{1BECBB23-34F6-4303-BDF5-F42C9C92FD6F}.Release|Any CPU.Build.0 = Release|Any CPU
		{FDF87AD5-7515-4E2C-8E52-923D5457D632}.Debug|Any CPU.ActiveCfg = Debug|Any CPU
		{FDF87AD5-7515-4E2C-8E52-923D5457D632}.Debug|Any CPU.Build.0 = Debug|Any CPU
		{FDF87AD5-7515-4E2C-8E52-923D5457D632}.Release|Any CPU.ActiveCfg = Release|Any CPU
		{FDF87AD5-7515-4E2C-8E52-923D5457D632}.Release|Any CPU.Build.0 = Release|Any CPU
		{8A7140F2-3D7E-40B3-8915-88B56D2E717F}.Debug|Any CPU.ActiveCfg = Debug|Any CPU
		{8A7140F2-3D7E-40B3-8915-88B56D2E717F}.Debug|Any CPU.Build.0 = Debug|Any CPU
		{8A7140F2-3D7E-40B3-8915-88B56D2E717F}.Release|Any CPU.ActiveCfg = Release|Any CPU
		{8A7140F2-3D7E-40B3-8915-88B56D2E717F}.Release|Any CPU.Build.0 = Release|Any CPU
		{89D1F7D9-5FC2-4B29-A7B5-2C38FF48945E}.Debug|Any CPU.ActiveCfg = Debug|Any CPU
		{89D1F7D9-5FC2-4B29-A7B5-2C38FF48945E}.Debug|Any CPU.Build.0 = Debug|Any CPU
		{89D1F7D9-5FC2-4B29-A7B5-2C38FF48945E}.Release|Any CPU.ActiveCfg = Release|Any CPU
		{89D1F7D9-5FC2-4B29-A7B5-2C38FF48945E}.Release|Any CPU.Build.0 = Release|Any CPU
		{229A932E-F07E-4C73-867A-D2F6659225DC}.Debug|Any CPU.ActiveCfg = Debug|Any CPU
		{229A932E-F07E-4C73-867A-D2F6659225DC}.Debug|Any CPU.Build.0 = Debug|Any CPU
		{229A932E-F07E-4C73-867A-D2F6659225DC}.Release|Any CPU.ActiveCfg = Release|Any CPU
		{229A932E-F07E-4C73-867A-D2F6659225DC}.Release|Any CPU.Build.0 = Release|Any CPU
	EndGlobalSection
EndGlobal
